
Microsoft Visual Studio Solution File, Format Version 12.00
Project("{FAE04EC0-301F-11D3-BF4B-00C04F79EFBC}") = "Ruds", "Ruds\Ruds.csproj", "{858D0EF0-2840-41A2-94A8-69488A45A5EB}"
EndProject
Project("{FAE04EC0-301F-11D3-BF4B-00C04F79EFBC}") = "AudioTestView", "AudioTestView\AudioTestView.csproj", "{FCB126CE-8C75-4F35-8E3B-ECF8638AB44B}"
EndProject
Global
	GlobalSection(SolutionConfigurationPlatforms) = preSolution
		Debug|Any CPU = Debug|Any CPU
		Release|Any CPU = Release|Any CPU
	EndGlobalSection
	GlobalSection(ProjectConfigurationPlatforms) = postSolution
		{858D0EF0-2840-41A2-94A8-69488A45A5EB}.Debug|Any CPU.ActiveCfg = Debug|Any CPU
		{858D0EF0-2840-41A2-94A8-69488A45A5EB}.Debug|Any CPU.Build.0 = Debug|Any CPU
		{858D0EF0-2840-41A2-94A8-69488A45A5EB}.Release|Any CPU.ActiveCfg = Release|Any CPU
		{858D0EF0-2840-41A2-94A8-69488A45A5EB}.Release|Any CPU.Build.0 = Release|Any CPU
		{FCB126CE-8C75-4F35-8E3B-ECF8638AB44B}.Debug|Any CPU.ActiveCfg = Debug|Any CPU
		{FCB126CE-8C75-4F35-8E3B-ECF8638AB44B}.Debug|Any CPU.Build.0 = Debug|Any CPU
		{FCB126CE-8C75-4F35-8E3B-ECF8638AB44B}.Release|Any CPU.ActiveCfg = Release|Any CPU
		{FCB126CE-8C75-4F35-8E3B-ECF8638AB44B}.Release|Any CPU.Build.0 = Release|Any CPU
	EndGlobalSection
EndGlobal
